
Microsoft Visual Studio Solution File, Format Version 12.00
# Visual Studio Version 17
VisualStudioVersion = 17.5.002.0
MinimumVisualStudioVersion = 10.0.40219.1
Project("{9A19103F-16F7-4668-BE54-9A1E7A4F7556}") = "DesafioPOO", "DesafioPOO.csproj", "{95F00668-0FD9-43C1-AB66-6FB9754B6858}"
EndProject
Global
	GlobalSection(SolutionConfigurationPlatforms) = preSolution
		Debug|Any CPU = Debug|Any CPU
		Release|Any CPU = Release|Any CPU
	EndGlobalSection
	GlobalSection(ProjectConfigurationPlatforms) = postSolution
		{95F00668-0FD9-43C1-AB66-6FB9754B6858}.Debug|Any CPU.ActiveCfg = Debug|Any CPU
		{95F00668-0FD9-43C1-AB66-6FB9754B6858}.Debug|Any CPU.Build.0 = Debug|Any CPU
		{95F00668-0FD9-43C1-AB66-6FB9754B6858}.Release|Any CPU.ActiveCfg = Release|Any CPU
		{95F00668-0FD9-43C1-AB66-6FB9754B6858}.Release|Any CPU.Build.0 = Release|Any CPU
	EndGlobalSection
	GlobalSection(SolutionProperties) = preSolution
		HideSolutionNode = FALSE
	EndGlobalSection
	GlobalSection(ExtensibilityGlobals) = postSolution
		SolutionGuid = {82969A7A-29A6-40B9-AC66-62D96C9B4161}
	EndGlobalSection
EndGlobal
